{
  "name": "cisterna",
  "lockfileVersion": 3,
  "requires": true,
  "packages": {
    "": {
      "dependencies": {
        "filepond": "^4.30.4",
        "filepond-plugin-file-rename": "^1.1.8",
        "filepond-plugin-file-validate-size": "^2.2.8",
        "filepond-plugin-image-preview": "^4.6.11",
        "jquery": "^3.3.1",
        "jquery-filepond": "^1.0.0",
        "popper.js": "^1.14.3"
      }
    },
    "node_modules/filepond": {
      "version": "4.30.4",
      "resolved": "https://registry.npmjs.org/filepond/-/filepond-4.30.4.tgz",
      "integrity": "sha512-FCwsMvG9iiEs6uobdDrTaKsCgsqys0NuLgPPD8n37AYVYBiiDkrPkk9MSIU5rT2FahYcL1bScYI9huIPtlzqyA=="
    },
    "node_modules/filepond-plugin-file-rename": {
      "version": "1.1.8",
      "resolved": "https://registry.npmjs.org/filepond-plugin-file-rename/-/filepond-plugin-file-rename-1.1.8.tgz",
      "integrity": "sha512-qqZe1JFvl9S/lmIjQiRIzXxRkxobE7hqqjDOFgJkBzcZAjWn/rGpUEWWc5JUDL71JqyACG8gwMFSzGr1a04IQA==",
      "peerDependencies": {
        "filepond": ">=1.8.x <5.x"
      }
    },
    "node_modules/filepond-plugin-file-validate-size": {
      "version": "2.2.8",
      "resolved": "https://registry.npmjs.org/filepond-plugin-file-validate-size/-/filepond-plugin-file-validate-size-2.2.8.tgz",
      "integrity": "sha512-yzb8scATmkWqPTP7oKQz6L8WwJm6Xmgc/fuq6DFGRaLz0I7372BUvBsxagBk/hypMIjvieNzhggm33Y60x3rcw==",
      "peerDependencies": {
        "filepond": ">=3.1.2 <5.x"
      }
    },
    "node_modules/filepond-plugin-image-preview": {
      "version": "4.6.11",
      "resolved": "https://registry.npmjs.org/filepond-plugin-image-preview/-/filepond-plugin-image-preview-4.6.11.tgz",
      "integrity": "sha512-0EmQ9HnOb/X0xc5rLcNRhhmdUbp7oiicRwQrcr90ZfVmPJOOZoX3ZGUEsEPj7luMI55huguhcVozdESxtqnuRw==",
      "peerDependencies": {
        "filepond": ">=4.x <5.x"
      }
    },
    "node_modules/jquery": {
      "version": "3.3.1",
      "resolved": "https://registry.npmjs.org/jquery/-/jquery-3.3.1.tgz",
      "integrity": "sha512-Ubldcmxp5np52/ENotGxlLe6aGMvmF4R8S6tZjsP6Knsaxd/xp3Zrh50cG93lR6nPXyUFwzN3ZSOQI0wRJNdGg=="
    },
    "node_modules/jquery-filepond": {
      "version": "1.0.0",
      "resolved": "https://registry.npmjs.org/jquery-filepond/-/jquery-filepond-1.0.0.tgz",
      "integrity": "sha512-ONxFHUsDMfkHFhVn+GwE8XtEFE3WhSNun5+h3KxW1RiVs2pnnkO/3WvQ+IjnLP4ywVkzEgkNXJaguxPH4Wz3aw=="
    },
    "node_modules/popper.js": {
      "version": "1.14.3",
      "resolved": "https://registry.npmjs.org/popper.js/-/popper.js-1.14.3.tgz",
      "integrity": "sha512-3lmujhsHXzb83+sI0PzfrE3O1XHZG8m8MXNMTupvA6LrM1/nnsiqYaacYc/RIente9VqnTDPztGEM8uvPAMGyg==",
      "deprecated": "You can find the new Popper v2 at @popperjs/core, this package is dedicated to the legacy v1"
    }
  }
}
